
Microsoft Visual Studio Solution File, Format Version 12.00
# Visual Studio Version 16
VisualStudioVersion = 16.0.29519.181
MinimumVisualStudioVersion = 10.0.40219.1
Project("{9A19103F-16F7-4668-BE54-9A1E7A4F7556}") = "lab_01_hello_world", "lab_01_hello_world\lab_01_hello_world.csproj", "{485FC7C8-FD5E-4384-AD8B-EF1E4DDD2327}"
EndProject
Project("{FAE04EC0-301F-11D3-BF4B-00C04F79EFBC}") = "lab_02_framework", "lab_02_framework\lab_02_framework.csproj", "{3761B4BF-BDFC-450A-89B0-7FA6DAA9FF0A}"
EndProject
Project("{9A19103F-16F7-4668-BE54-9A1E7A4F7556}") = "lab_03_dot_net_core_hello_world", "lab_03_dot_net_core_hello_world\lab_03_dot_net_core_hello_world.csproj", "{84A615E0-C219-4DCF-9CE5-F959BF099ECC}"
EndProject
Project("{9A19103F-16F7-4668-BE54-9A1E7A4F7556}") = "lab_04_wpf_core", "lab_04_wpf_core\lab_04_wpf_core.csproj", "{F90CB1F4-431E-49D2-BC73-F8EE7A09EB33}"
EndProject
Project("{9A19103F-16F7-4668-BE54-9A1E7A4F7556}") = "lab_05_asp_demo", "lab_05_asp_demo\lab_05_asp_demo.csproj", "{8CC57BE5-C117-46E3-8ED4-307A23A08820}"
EndProject
Project("{9A19103F-16F7-4668-BE54-9A1E7A4F7556}") = "lab_06_mvc_demo", "lab_06_mvc_demo\lab_06_mvc_demo.csproj", "{8C3C530B-55DD-48EC-ABFE-91440BBBCBB7}"
EndProject
Project("{FAE04EC0-301F-11D3-BF4B-00C04F79EFBC}") = "lab_08_debugging", "lab_08_debugging\lab_08_debugging.csproj", "{45E27AA8-4694-48EF-A4EA-CB3CAC4D0224}"
EndProject
Project("{9A19103F-16F7-4668-BE54-9A1E7A4F7556}") = "lab_09_logging", "lab_09_logging\lab_09_logging.csproj", "{CB6F075C-61B1-4971-9261-D543B43BB78D}"
EndProject
Project("{9A19103F-16F7-4668-BE54-9A1E7A4F7556}") = "lab_10_datatypes", "lab_10_datatypes\lab_10_datatypes.csproj", "{04EB8363-2C7D-436C-8124-56CF5D07803A}"
EndProject
Project("{FAE04EC0-301F-11D3-BF4B-00C04F79EFBC}") = "lab_11_microsoft_word", "lab_11_microsoft_word\lab_11_microsoft_word.csproj", "{B9D84C3F-2060-45EB-9EC2-A675CA707B9B}"
EndProject
Project("{9A19103F-16F7-4668-BE54-9A1E7A4F7556}") = "lab_12_big_button", "lab_12_big_button\lab_12_big_button.csproj", "{CF61A692-914D-40AE-9E36-6BDF3A6C8B84}"
EndProject
Project("{9A19103F-16F7-4668-BE54-9A1E7A4F7556}") = "lab_13_operators", "lab_13_operators\lab_13_operators.csproj", "{DF14F13B-1206-4CBB-8C53-01EBE1604FD3}"
EndProject
Project("{9A19103F-16F7-4668-BE54-9A1E7A4F7556}") = "lab_14_methods", "lab_14_methods\lab_14_methods.csproj", "{5E9E500A-557A-466D-BFC0-9B944DFD9B91}"
EndProject
Project("{9A19103F-16F7-4668-BE54-9A1E7A4F7556}") = "lab_15_unit_testing", "lab_15_unit_testing\lab_15_unit_testing.csproj", "{E08E7D34-3631-48D4-8E73-D9BBB6E6FA71}"
EndProject
Project("{9A19103F-16F7-4668-BE54-9A1E7A4F7556}") = "lab_15_methods_test", "lab_15_methods_test\lab_15_methods_test.csproj", "{74083CBC-F298-45E6-94A2-25D37547A6DC}"
EndProject
Project("{9A19103F-16F7-4668-BE54-9A1E7A4F7556}") = "lab_16_selection", "lab_16_selection\lab_16_selection.csproj", "{E7E9C64C-9188-4747-85B0-DFBD063EEBAF}"
EndProject
Project("{9A19103F-16F7-4668-BE54-9A1E7A4F7556}") = "lab_16_selection_test", "lab_16_selection_test\lab_16_selection_test.csproj", "{EC25FD70-BF80-464E-9797-E5D58F94267C}"
EndProject
Project("{9A19103F-16F7-4668-BE54-9A1E7A4F7556}") = "lab_17_iterations", "lab_17_iterations\lab_17_iterations.csproj", "{80F1F424-57B8-4539-A710-9071EEC44379}"
EndProject
Project("{FAE04EC0-301F-11D3-BF4B-00C04F79EFBC}") = "lab_18_datatypes_part_2", "lab_18_datatypes_part_2\lab_18_datatypes_part_2.csproj", "{23DBD7BD-BF58-4978-BCF6-9F135E025E90}"
EndProject
Project("{FAE04EC0-301F-11D3-BF4B-00C04F79EFBC}") = "lab_19_exceptions", "lab_19_exceptions\lab_19_exceptions.csproj", "{DFCD2783-3C88-4947-A96C-C4954B5D32DA}"
EndProject
Project("{FAE04EC0-301F-11D3-BF4B-00C04F79EFBC}") = "lab_19_exceptions_test", "lab_19_exceptions_test\lab_19_exceptions_test.csproj", "{76D41E51-7F15-4118-9B54-E8B78DC7BDF0}"
EndProject
Project("{FAE04EC0-301F-11D3-BF4B-00C04F79EFBC}") = "lab_20_collections", "lab_20_collections\lab_20_collections.csproj", "{098F0E19-E4AC-4C1E-9213-8E0DFFEE4C8B}"
EndProject
Global
	GlobalSection(SolutionConfigurationPlatforms) = preSolution
		Debug|Any CPU = Debug|Any CPU
		Release|Any CPU = Release|Any CPU
	EndGlobalSection
	GlobalSection(ProjectConfigurationPlatforms) = postSolution
		{485FC7C8-FD5E-4384-AD8B-EF1E4DDD2327}.Debug|Any CPU.ActiveCfg = Debug|Any CPU
		{485FC7C8-FD5E-4384-AD8B-EF1E4DDD2327}.Debug|Any CPU.Build.0 = Debug|Any CPU
		{485FC7C8-FD5E-4384-AD8B-EF1E4DDD2327}.Release|Any CPU.ActiveCfg = Release|Any CPU
		{485FC7C8-FD5E-4384-AD8B-EF1E4DDD2327}.Release|Any CPU.Build.0 = Release|Any CPU
		{3761B4BF-BDFC-450A-89B0-7FA6DAA9FF0A}.Debug|Any CPU.ActiveCfg = Debug|Any CPU
		{3761B4BF-BDFC-450A-89B0-7FA6DAA9FF0A}.Debug|Any CPU.Build.0 = Debug|Any CPU
		{3761B4BF-BDFC-450A-89B0-7FA6DAA9FF0A}.Release|Any CPU.ActiveCfg = Release|Any CPU
		{3761B4BF-BDFC-450A-89B0-7FA6DAA9FF0A}.Release|Any CPU.Build.0 = Release|Any CPU
		{84A615E0-C219-4DCF-9CE5-F959BF099ECC}.Debug|Any CPU.ActiveCfg = Debug|Any CPU
		{84A615E0-C219-4DCF-9CE5-F959BF099ECC}.Debug|Any CPU.Build.0 = Debug|Any CPU
		{84A615E0-C219-4DCF-9CE5-F959BF099ECC}.Release|Any CPU.ActiveCfg = Release|Any CPU
		{84A615E0-C219-4DCF-9CE5-F959BF099ECC}.Release|Any CPU.Build.0 = Release|Any CPU
		{F90CB1F4-431E-49D2-BC73-F8EE7A09EB33}.Debug|Any CPU.ActiveCfg = Debug|Any CPU
		{F90CB1F4-431E-49D2-BC73-F8EE7A09EB33}.Debug|Any CPU.Build.0 = Debug|Any CPU
		{F90CB1F4-431E-49D2-BC73-F8EE7A09EB33}.Release|Any CPU.ActiveCfg = Release|Any CPU
		{F90CB1F4-431E-49D2-BC73-F8EE7A09EB33}.Release|Any CPU.Build.0 = Release|Any CPU
		{8CC57BE5-C117-46E3-8ED4-307A23A08820}.Debug|Any CPU.ActiveCfg = Debug|Any CPU
		{8CC57BE5-C117-46E3-8ED4-307A23A08820}.Debug|Any CPU.Build.0 = Debug|Any CPU
		{8CC57BE5-C117-46E3-8ED4-307A23A08820}.Release|Any CPU.ActiveCfg = Release|Any CPU
		{8CC57BE5-C117-46E3-8ED4-307A23A08820}.Release|Any CPU.Build.0 = Release|Any CPU
		{8C3C530B-55DD-48EC-ABFE-91440BBBCBB7}.Debug|Any CPU.ActiveCfg = Debug|Any CPU
		{8C3C530B-55DD-48EC-ABFE-91440BBBCBB7}.Debug|Any CPU.Build.0 = Debug|Any CPU
		{8C3C530B-55DD-48EC-ABFE-91440BBBCBB7}.Release|Any CPU.ActiveCfg = Release|Any CPU
		{8C3C530B-55DD-48EC-ABFE-91440BBBCBB7}.Release|Any CPU.Build.0 = Release|Any CPU
		{45E27AA8-4694-48EF-A4EA-CB3CAC4D0224}.Debug|Any CPU.ActiveCfg = Debug|Any CPU
		{45E27AA8-4694-48EF-A4EA-CB3CAC4D0224}.Debug|Any CPU.Build.0 = Debug|Any CPU
		{45E27AA8-4694-48EF-A4EA-CB3CAC4D0224}.Release|Any CPU.ActiveCfg = Release|Any CPU
		{45E27AA8-4694-48EF-A4EA-CB3CAC4D0224}.Release|Any CPU.Build.0 = Release|Any CPU
		{CB6F075C-61B1-4971-9261-D543B43BB78D}.Debug|Any CPU.ActiveCfg = Debug|Any CPU
		{CB6F075C-61B1-4971-9261-D543B43BB78D}.Debug|Any CPU.Build.0 = Debug|Any CPU
		{CB6F075C-61B1-4971-9261-D543B43BB78D}.Release|Any CPU.ActiveCfg = Release|Any CPU
		{CB6F075C-61B1-4971-9261-D543B43BB78D}.Release|Any CPU.Build.0 = Release|Any CPU
		{04EB8363-2C7D-436C-8124-56CF5D07803A}.Debug|Any CPU.ActiveCfg = Debug|Any CPU
		{04EB8363-2C7D-436C-8124-56CF5D07803A}.Debug|Any CPU.Build.0 = Debug|Any CPU
		{04EB8363-2C7D-436C-8124-56CF5D07803A}.Release|Any CPU.ActiveCfg = Release|Any CPU
		{04EB8363-2C7D-436C-8124-56CF5D07803A}.Release|Any CPU.Build.0 = Release|Any CPU
		{B9D84C3F-2060-45EB-9EC2-A675CA707B9B}.Debug|Any CPU.ActiveCfg = Debug|Any CPU
		{B9D84C3F-2060-45EB-9EC2-A675CA707B9B}.Debug|Any CPU.Build.0 = Debug|Any CPU
		{B9D84C3F-2060-45EB-9EC2-A675CA707B9B}.Release|Any CPU.ActiveCfg = Release|Any CPU
		{B9D84C3F-2060-45EB-9EC2-A675CA707B9B}.Release|Any CPU.Build.0 = Release|Any CPU
		{CF61A692-914D-40AE-9E36-6BDF3A6C8B84}.Debug|Any CPU.ActiveCfg = Debug|Any CPU
		{CF61A692-914D-40AE-9E36-6BDF3A6C8B84}.Debug|Any CPU.Build.0 = Debug|Any CPU
		{CF61A692-914D-40AE-9E36-6BDF3A6C8B84}.Release|Any CPU.ActiveCfg = Release|Any CPU
		{CF61A692-914D-40AE-9E36-6BDF3A6C8B84}.Release|Any CPU.Build.0 = Release|Any CPU
		{DF14F13B-1206-4CBB-8C53-01EBE1604FD3}.Debug|Any CPU.ActiveCfg = Debug|Any CPU
		{DF14F13B-1206-4CBB-8C53-01EBE1604FD3}.Debug|Any CPU.Build.0 = Debug|Any CPU
		{DF14F13B-1206-4CBB-8C53-01EBE1604FD3}.Release|Any CPU.ActiveCfg = Release|Any CPU
		{DF14F13B-1206-4CBB-8C53-01EBE1604FD3}.Release|Any CPU.Build.0 = Release|Any CPU
		{5E9E500A-557A-466D-BFC0-9B944DFD9B91}.Debug|Any CPU.ActiveCfg = Debug|Any CPU
		{5E9E500A-557A-466D-BFC0-9B944DFD9B91}.Debug|Any CPU.Build.0 = Debug|Any CPU
		{5E9E500A-557A-466D-BFC0-9B944DFD9B91}.Release|Any CPU.ActiveCfg = Release|Any CPU
		{5E9E500A-557A-466D-BFC0-9B944DFD9B91}.Release|Any CPU.Build.0 = Release|Any CPU
		{E08E7D34-3631-48D4-8E73-D9BBB6E6FA71}.Debug|Any CPU.ActiveCfg = Debug|Any CPU
		{E08E7D34-3631-48D4-8E73-D9BBB6E6FA71}.Debug|Any CPU.Build.0 = Debug|Any CPU
		{E08E7D34-3631-48D4-8E73-D9BBB6E6FA71}.Release|Any CPU.ActiveCfg = Release|Any CPU
		{E08E7D34-3631-48D4-8E73-D9BBB6E6FA71}.Release|Any CPU.Build.0 = Release|Any CPU
		{74083CBC-F298-45E6-94A2-25D37547A6DC}.Debug|Any CPU.ActiveCfg = Debug|Any CPU
		{74083CBC-F298-45E6-94A2-25D37547A6DC}.Debug|Any CPU.Build.0 = Debug|Any CPU
		{74083CBC-F298-45E6-94A2-25D37547A6DC}.Release|Any CPU.ActiveCfg = Release|Any CPU
		{74083CBC-F298-45E6-94A2-25D37547A6DC}.Release|Any CPU.Build.0 = Release|Any CPU
		{E7E9C64C-9188-4747-85B0-DFBD063EEBAF}.Debug|Any CPU.ActiveCfg = Debug|Any CPU
		{E7E9C64C-9188-4747-85B0-DFBD063EEBAF}.Debug|Any CPU.Build.0 = Debug|Any CPU
		{E7E9C64C-9188-4747-85B0-DFBD063EEBAF}.Release|Any CPU.ActiveCfg = Release|Any CPU
		{E7E9C64C-9188-4747-85B0-DFBD063EEBAF}.Release|Any CPU.Build.0 = Release|Any CPU
		{EC25FD70-BF80-464E-9797-E5D58F94267C}.Debug|Any CPU.ActiveCfg = Debug|Any CPU
		{EC25FD70-BF80-464E-9797-E5D58F94267C}.Debug|Any CPU.Build.0 = Debug|Any CPU
		{EC25FD70-BF80-464E-9797-E5D58F94267C}.Release|Any CPU.ActiveCfg = Release|Any CPU
		{EC25FD70-BF80-464E-9797-E5D58F94267C}.Release|Any CPU.Build.0 = Release|Any CPU
		{80F1F424-57B8-4539-A710-9071EEC44379}.Debug|Any CPU.ActiveCfg = Debug|Any CPU
		{80F1F424-57B8-4539-A710-9071EEC44379}.Debug|Any CPU.Build.0 = Debug|Any CPU
		{80F1F424-57B8-4539-A710-9071EEC44379}.Release|Any CPU.ActiveCfg = Release|Any CPU
		{80F1F424-57B8-4539-A710-9071EEC44379}.Release|Any CPU.Build.0 = Release|Any CPU
		{23DBD7BD-BF58-4978-BCF6-9F135E025E90}.Debug|Any CPU.ActiveCfg = Debug|Any CPU
		{23DBD7BD-BF58-4978-BCF6-9F135E025E90}.Debug|Any CPU.Build.0 = Debug|Any CPU
		{23DBD7BD-BF58-4978-BCF6-9F135E025E90}.Release|Any CPU.ActiveCfg = Release|Any CPU
		{23DBD7BD-BF58-4978-BCF6-9F135E025E90}.Release|Any CPU.Build.0 = Release|Any CPU
		{DFCD2783-3C88-4947-A96C-C4954B5D32DA}.Debug|Any CPU.ActiveCfg = Debug|Any CPU
		{DFCD2783-3C88-4947-A96C-C4954B5D32DA}.Debug|Any CPU.Build.0 = Debug|Any CPU
		{DFCD2783-3C88-4947-A96C-C4954B5D32DA}.Release|Any CPU.ActiveCfg = Release|Any CPU
		{DFCD2783-3C88-4947-A96C-C4954B5D32DA}.Release|Any CPU.Build.0 = Release|Any CPU
		{76D41E51-7F15-4118-9B54-E8B78DC7BDF0}.Debug|Any CPU.ActiveCfg = Debug|Any CPU
		{76D41E51-7F15-4118-9B54-E8B78DC7BDF0}.Debug|Any CPU.Build.0 = Debug|Any CPU
		{76D41E51-7F15-4118-9B54-E8B78DC7BDF0}.Release|Any CPU.ActiveCfg = Release|Any CPU
		{76D41E51-7F15-4118-9B54-E8B78DC7BDF0}.Release|Any CPU.Build.0 = Release|Any CPU
		{098F0E19-E4AC-4C1E-9213-8E0DFFEE4C8B}.Debug|Any CPU.ActiveCfg = Debug|Any CPU
		{098F0E19-E4AC-4C1E-9213-8E0DFFEE4C8B}.Debug|Any CPU.Build.0 = Debug|Any CPU
		{098F0E19-E4AC-4C1E-9213-8E0DFFEE4C8B}.Release|Any CPU.ActiveCfg = Release|Any CPU
		{098F0E19-E4AC-4C1E-9213-8E0DFFEE4C8B}.Release|Any CPU.Build.0 = Release|Any CPU
	EndGlobalSection
	GlobalSection(SolutionProperties) = preSolution
		HideSolutionNode = FALSE
	EndGlobalSection
	GlobalSection(ExtensibilityGlobals) = postSolution
		SolutionGuid = {4322AE1B-5EF8-411A-A3A1-E864013B0F97}
	EndGlobalSection
EndGlobal
